version = 1
revision = 3
requires-python = ">=3.14"

[[package]]
name = "daikon"
version = "0.1.0"
source = { virtual = "." }
dependencies = [
    { name = "ty" },
]

[package.metadata]
requires-dist = [{ name = "ty", specifier = ">=0.0.1a32" }]

[[package]]
name = "ty"
version = "0.0.1a32"
source = { registry = "https://pypi.org/simple" }
sdist = { url = "https://files.pythonhosted.org/packages/26/92/8da015685fb83734a2a83de02080e64d182509de77fa9bcf3eed12eeab4b/ty-0.0.1a32.tar.gz", hash = "sha256:12f62e8a3dd0eaeb9557d74b1c32f0616ae40eae10a4f411e1e2a73225f67ff2", size = 4689151, upload-time = "2025-12-05T21:04:26.885Z" }
wheels = [
    { url = "https://files.pythonhosted.org/packages/2a/e6/fdc35c9ba047f16afdfedf36fb51c221e0190ccde9f70ee28e77084d6612/ty-0.0.1a32-py3-none-linux_armv6l.whl", hash = "sha256:ffe595eaf616f06f58f951766477830a55c2502d2c9f77dde8f60d9a836e0645", size = 9673128, upload-time = "2025-12-05T21:04:17.702Z" },
    { url = "https://files.pythonhosted.org/packages/19/20/eaff31048e2f309f37478f7d715c8de9f9bab03cba4758da27b9311147af/ty-0.0.1a32-py3-none-macosx_10_12_x86_64.whl", hash = "sha256:07f1dce88ad6028fb14665aefe4e6697012c34bd48edd37d02b7eb6a833dbf62", size = 9434094, upload-time = "2025-12-05T21:04:03.383Z" },
    { url = "https://files.pythonhosted.org/packages/67/d4/ea8ed57d11b81c459f23561fd6bfb0f54a8d4120cf72541e3bdf71d46202/ty-0.0.1a32-py3-none-macosx_11_0_arm64.whl", hash = "sha256:8fab7ed12528c77ddd600a9638ca859156a53c20f1e381353fa87a255bd397eb", size = 8980296, upload-time = "2025-12-05T21:04:28.912Z" },
    { url = "https://files.pythonhosted.org/packages/49/02/3ce98bbfbb3916678d717ee69358d38a404ca9a39391dda8874b66dd5ee7/ty-0.0.1a32-py3-none-manylinux_2_17_aarch64.manylinux2014_aarch64.whl", hash = "sha256:ace395280fc21e25eff0a53cfbd68170f90a4b8ef2f85dfabe1ecbca2ced456b", size = 9263054, upload-time = "2025-12-05T21:04:05.619Z" },
    { url = "https://files.pythonhosted.org/packages/b7/be/a639638bcd1664de2d70a87da6c4fe0e3272a60b7fa3f0c108a956a456bd/ty-0.0.1a32-py3-none-manylinux_2_17_armv7l.manylinux2014_armv7l.whl", hash = "sha256:2bcbeed7f5ed8e3c1c7e525fce541e7b943ac04ee7fe369a926551b5e50ea4a8", size = 9451396, upload-time = "2025-12-05T21:04:01.265Z" },
    { url = "https://files.pythonhosted.org/packages/1f/a4/2bcf54e842a3d10dc14b369f28a3bab530c5d7ddba624e910b212bda93ee/ty-0.0.1a32-py3-none-manylinux_2_17_i686.manylinux2014_i686.whl", hash = "sha256:60ff2e4493f90f81a260205d87719bb1d3420928a1e4a2a7454af7cbdfed2047", size = 9862726, upload-time = "2025-12-05T21:04:08.806Z" },
    { url = "https://files.pythonhosted.org/packages/5f/c7/19e6719496e59f2f082f34bcac312698366cf50879fdcc3ef76298bfe6a0/ty-0.0.1a32-py3-none-manylinux_2_17_ppc64.manylinux2014_ppc64.whl", hash = "sha256:53cad50a59a0d943b06872e0b10f9f2b564805c2ea93f64c7798852bc1901954", size = 10475051, upload-time = "2025-12-05T21:04:31.059Z" },
    { url = "https://files.pythonhosted.org/packages/88/77/bdf0ddb066d2b62f141d058f8a33bb7c8628cdbb8bfa75b20e296b79fb4e/ty-0.0.1a32-py3-none-manylinux_2_17_ppc64le.manylinux2014_ppc64le.whl", hash = "sha256:343d43cdc1d7f649ea2baa64ac2b479da3d679239b94509f1df12f7211561ea9", size = 10232712, upload-time = "2025-12-05T21:04:19.849Z" },
    { url = "https://files.pythonhosted.org/packages/ed/07/f73260a461762a581a007015c1019d40658828ce41576f8c1db88dee574d/ty-0.0.1a32-py3-none-manylinux_2_17_s390x.manylinux2014_s390x.whl", hash = "sha256:f45483e4a84bcf622413712164ea687ce323a9f7013b9e7977c5d623ed937ca9", size = 10237705, upload-time = "2025-12-05T21:04:35.366Z" },
    { url = "https://files.pythonhosted.org/packages/2c/57/dbb92206cf2f798d8c51ea16504e8afb90a139d0ff105c31cec9a1db29f9/ty-0.0.1a32-py3-none-manylinux_2_17_x86_64.manylinux2014_x86_64.whl", hash = "sha256:7d452f30d47002a6bafc36d1b6aee42c321e9ec9f7f43a04a2ee7d48c208b86c", size = 9766469, upload-time = "2025-12-05T21:04:22.236Z" },
    { url = "https://files.pythonhosted.org/packages/c3/5e/143d93bd143abcebcbaa98c8aeec78898553d62d0a5a432cd79e0cf5bd6d/ty-0.0.1a32-py3-none-musllinux_1_2_aarch64.whl", hash = "sha256:86c4e31737fe954637890cef1f3e1b479ffb20e836cac3b76050bdbe80005010", size = 9238592, upload-time = "2025-12-05T21:04:11.33Z" },
    { url = "https://files.pythonhosted.org/packages/21/b8/225230ae097ed88f3c92ad974dd77f8e4f86f2594d9cd0c729da39769878/ty-0.0.1a32-py3-none-musllinux_1_2_armv7l.whl", hash = "sha256:daf15fa03bc39a76a0fbc9c2d81d79d528f584e3fbe08d71981e3f7912db91d6", size = 9502161, upload-time = "2025-12-05T21:04:37.642Z" },
    { url = "https://files.pythonhosted.org/packages/85/13/cc89955c9637f25f3aca2dd7749c6008639ef036f0b9bea3e9d89e892ff9/ty-0.0.1a32-py3-none-musllinux_1_2_i686.whl", hash = "sha256:6128f6bab5c6dab3d08689fed1d529dc34f50f221f89c8e16064ed0c549dad7a", size = 9603058, upload-time = "2025-12-05T21:04:39.532Z" },
    { url = "https://files.pythonhosted.org/packages/46/77/1fe2793c8065a02d1f70ca7da1b87db49ca621bcbbdb79a18ad79d5d0ab2/ty-0.0.1a32-py3-none-musllinux_1_2_x86_64.whl", hash = "sha256:55aab688be1b46776a5a458a1993cae0da7725932c45393399c479c2fa979337", size = 9879903, upload-time = "2025-12-05T21:04:13.567Z" },
    { url = "https://files.pythonhosted.org/packages/fc/47/fd58e80a3e42310b4b649340d5d97403fe796146cae8678b3a031a414b8e/ty-0.0.1a32-py3-none-win32.whl", hash = "sha256:f55ec25088a09236ad1578b656a07fa009c3a353f5923486905ba48175d142a6", size = 9077703, upload-time = "2025-12-05T21:04:15.849Z" },
    { url = "https://files.pythonhosted.org/packages/8d/96/209c417c69317339ea8e9b3277fd98364a0e97dd1ffd3585e143ec7b4e57/ty-0.0.1a32-py3-none-win_amd64.whl", hash = "sha256:ed8d5cbd4e47dfed86aaa27e243008aa4e82b6a5434f3ab95c26d3ee5874d9d7", size = 9922426, upload-time = "2025-12-05T21:04:33.289Z" },
    { url = "https://files.pythonhosted.org/packages/e0/1c/350fd851fb91244f8c80cec218009cbee7564d76c14e2f423b47e69a5cbc/ty-0.0.1a32-py3-none-win_arm64.whl", hash = "sha256:dbb25f9b513d34cee8ce419514eaef03313f45c3f7ab4eb6e6d427ea1f6854af", size = 9453761, upload-time = "2025-12-05T21:04:24.502Z" },
]
